
Microsoft Visual Studio Solution File, Format Version 12.00
# Visual Studio Version 16
VisualStudioVersion = 16.0.29009.5
MinimumVisualStudioVersion = 10.0.40219.1
Project("{FAE04EC0-301F-11D3-BF4B-00C04F79EFBC}") = "GetSpecificValuesJSONfiles", "GetSpecificValuesJSONfiles\GetSpecificValuesJSONfiles.csproj", "{B969EF83-00FD-4BF0-AB74-10B59DB03891}"
EndProject
Global
	GlobalSection(SolutionConfigurationPlatforms) = preSolution
		Debug|Any CPU = Debug|Any CPU
		Release|Any CPU = Release|Any CPU
	EndGlobalSection
	GlobalSection(ProjectConfigurationPlatforms) = postSolution
		{B969EF83-00FD-4BF0-AB74-10B59DB03891}.Debug|Any CPU.ActiveCfg = Debug|Any CPU
		{B969EF83-00FD-4BF0-AB74-10B59DB03891}.Debug|Any CPU.Build.0 = Debug|Any CPU
		{B969EF83-00FD-4BF0-AB74-10B59DB03891}.Release|Any CPU.ActiveCfg = Release|Any CPU
		{B969EF83-00FD-4BF0-AB74-10B59DB03891}.Release|Any CPU.Build.0 = Release|Any CPU
	EndGlobalSection
	GlobalSection(SolutionProperties) = preSolution
		HideSolutionNode = FALSE
	EndGlobalSection
	GlobalSection(ExtensibilityGlobals) = postSolution
		SolutionGuid = {21878280-77C1-451E-90E6-C36AAAFDF87D}
	EndGlobalSection
EndGlobal
